
Microsoft Visual Studio Solution File, Format Version 12.00
# Visual Studio Version 17
VisualStudioVersion = 17.6.33723.286
MinimumVisualStudioVersion = 10.0.40219.1
Project("{FAE04EC0-301F-11D3-BF4B-00C04F79EFBC}") = "MM.CAAM.Admin.Desktop", "MM.CAAM.Admin.Desktop\MM.CAAM.Admin.Desktop.csproj", "{9F92ADD1-50DB-476F-9995-C07DA4CB2A6D}"
EndProject
Global
	GlobalSection(SolutionConfigurationPlatforms) = preSolution
		Debug|Any CPU = Debug|Any CPU
		Release|Any CPU = Release|Any CPU
	EndGlobalSection
	GlobalSection(ProjectConfigurationPlatforms) = postSolution
		{9F92ADD1-50DB-476F-9995-C07DA4CB2A6D}.Debug|Any CPU.ActiveCfg = Debug|Any CPU
		{9F92ADD1-50DB-476F-9995-C07DA4CB2A6D}.Debug|Any CPU.Build.0 = Debug|Any CPU
		{9F92ADD1-50DB-476F-9995-C07DA4CB2A6D}.Release|Any CPU.ActiveCfg = Release|Any CPU
		{9F92ADD1-50DB-476F-9995-C07DA4CB2A6D}.Release|Any CPU.Build.0 = Release|Any CPU
	EndGlobalSection
	GlobalSection(SolutionProperties) = preSolution
		HideSolutionNode = FALSE
	EndGlobalSection
	GlobalSection(ExtensibilityGlobals) = postSolution
		SolutionGuid = {B55330F8-D21C-484C-AA44-3F1B77785C69}
	EndGlobalSection
EndGlobal
