
Microsoft Visual Studio Solution File, Format Version 12.00
# Visual Studio Version 17
VisualStudioVersion = 17.6.33723.286
MinimumVisualStudioVersion = 10.0.40219.1
Project("{FAE04EC0-301F-11D3-BF4B-00C04F79EFBC}") = "MM.CAAM.Web", "MM.CAAM.Web\MM.CAAM.Web.csproj", "{894F4A7C-2DED-430D-B4CB-8282B73B75C8}"
EndProject
Project("{FAE04EC0-301F-11D3-BF4B-00C04F79EFBC}") = "MM.CAAM.Admin.DTOs", "MM.CAAM.Admin.DTOs\MM.CAAM.Admin.DTOs.csproj", "{81218131-FB40-4FD4-A3A7-BB7BB2ADD3C5}"
EndProject
Project("{FAE04EC0-301F-11D3-BF4B-00C04F79EFBC}") = "MM.CAAM.Admin.Services", "MM.CAAM.Admin.Services\MM.CAAM.Admin.Services.csproj", "{865FF9EB-D390-4C1C-8BAF-5716E61A57B4}"
EndProject
Global
	GlobalSection(SolutionConfigurationPlatforms) = preSolution
		Debug|Any CPU = Debug|Any CPU
		Release|Any CPU = Release|Any CPU
	EndGlobalSection
	GlobalSection(ProjectConfigurationPlatforms) = postSolution
		{894F4A7C-2DED-430D-B4CB-8282B73B75C8}.Debug|Any CPU.ActiveCfg = Debug|Any CPU
		{894F4A7C-2DED-430D-B4CB-8282B73B75C8}.Debug|Any CPU.Build.0 = Debug|Any CPU
		{894F4A7C-2DED-430D-B4CB-8282B73B75C8}.Release|Any CPU.ActiveCfg = Release|Any CPU
		{894F4A7C-2DED-430D-B4CB-8282B73B75C8}.Release|Any CPU.Build.0 = Release|Any CPU
		{81218131-FB40-4FD4-A3A7-BB7BB2ADD3C5}.Debug|Any CPU.ActiveCfg = Debug|Any CPU
		{81218131-FB40-4FD4-A3A7-BB7BB2ADD3C5}.Debug|Any CPU.Build.0 = Debug|Any CPU
		{81218131-FB40-4FD4-A3A7-BB7BB2ADD3C5}.Release|Any CPU.ActiveCfg = Release|Any CPU
		{81218131-FB40-4FD4-A3A7-BB7BB2ADD3C5}.Release|Any CPU.Build.0 = Release|Any CPU
		{865FF9EB-D390-4C1C-8BAF-5716E61A57B4}.Debug|Any CPU.ActiveCfg = Debug|Any CPU
		{865FF9EB-D390-4C1C-8BAF-5716E61A57B4}.Debug|Any CPU.Build.0 = Debug|Any CPU
		{865FF9EB-D390-4C1C-8BAF-5716E61A57B4}.Release|Any CPU.ActiveCfg = Release|Any CPU
		{865FF9EB-D390-4C1C-8BAF-5716E61A57B4}.Release|Any CPU.Build.0 = Release|Any CPU
	EndGlobalSection
	GlobalSection(SolutionProperties) = preSolution
		HideSolutionNode = FALSE
	EndGlobalSection
	GlobalSection(ExtensibilityGlobals) = postSolution
		SolutionGuid = {AE53C183-C4AD-4A03-B3CA-CCF15EC38BAE}
	EndGlobalSection
EndGlobal
